
Microsoft Visual Studio Solution File, Format Version 12.00
# Visual Studio Version 16
VisualStudioVersion = 16.0.30413.136
MinimumVisualStudioVersion = 10.0.40219.1
Project("{FAE04EC0-301F-11D3-BF4B-00C04F79EFBC}") = "Crunchy", "Crunchy\Crunchy.csproj", "{848D484E-F706-46F7-8E12-9FEE800B3FA9}"
EndProject
Project("{9A19103F-16F7-4668-BE54-9A1E7A4F7556}") = "Crunchy.Console", "Crunchy.Console\Crunchy.Console.csproj", "{3D972AAA-41F3-4A63-9E4B-8570744CB9E6}"
EndProject
Project("{9A19103F-16F7-4668-BE54-9A1E7A4F7556}") = "FFmpeg.NET", "E:\Downloads\FFmpeg.NET-3.4.0\src\FFmpeg.NET\FFmpeg.NET.csproj", "{F4524D59-428C-4AE0-98A1-D64A67892A12}"
EndProject
Global
	GlobalSection(SolutionConfigurationPlatforms) = preSolution
		Debug|Any CPU = Debug|Any CPU
		Release|Any CPU = Release|Any CPU
	EndGlobalSection
	GlobalSection(ProjectConfigurationPlatforms) = postSolution
		{848D484E-F706-46F7-8E12-9FEE800B3FA9}.Debug|Any CPU.ActiveCfg = Debug|Any CPU
		{848D484E-F706-46F7-8E12-9FEE800B3FA9}.Debug|Any CPU.Build.0 = Debug|Any CPU
		{848D484E-F706-46F7-8E12-9FEE800B3FA9}.Release|Any CPU.ActiveCfg = Release|Any CPU
		{848D484E-F706-46F7-8E12-9FEE800B3FA9}.Release|Any CPU.Build.0 = Release|Any CPU
		{3D972AAA-41F3-4A63-9E4B-8570744CB9E6}.Debug|Any CPU.ActiveCfg = Debug|Any CPU
		{3D972AAA-41F3-4A63-9E4B-8570744CB9E6}.Debug|Any CPU.Build.0 = Debug|Any CPU
		{3D972AAA-41F3-4A63-9E4B-8570744CB9E6}.Release|Any CPU.ActiveCfg = Release|Any CPU
		{3D972AAA-41F3-4A63-9E4B-8570744CB9E6}.Release|Any CPU.Build.0 = Release|Any CPU
		{F4524D59-428C-4AE0-98A1-D64A67892A12}.Debug|Any CPU.ActiveCfg = Debug|Any CPU
		{F4524D59-428C-4AE0-98A1-D64A67892A12}.Debug|Any CPU.Build.0 = Debug|Any CPU
		{F4524D59-428C-4AE0-98A1-D64A67892A12}.Release|Any CPU.ActiveCfg = Release|Any CPU
		{F4524D59-428C-4AE0-98A1-D64A67892A12}.Release|Any CPU.Build.0 = Release|Any CPU
	EndGlobalSection
	GlobalSection(SolutionProperties) = preSolution
		HideSolutionNode = FALSE
	EndGlobalSection
	GlobalSection(ExtensibilityGlobals) = postSolution
		SolutionGuid = {D1E3B9F4-1795-4146-B4A9-5B8F73232271}
	EndGlobalSection
EndGlobal
